// !$*UTF8*$!
{
	archiveVersion = 1;
	classes = {
	};
	objectVersion = 46;
	objects = {

/* Begin PBXBuildFile section */
		8E473B251C66697A00517DEE /* AppDelegate.swift in Sources */ = {isa = PBXBuildFile; fileRef = 8E473B241C66697A00517DEE /* AppDelegate.swift */; };
		8E473B271C66697A00517DEE /* ViewController.swift in Sources */ = {isa = PBXBuildFile; fileRef = 8E473B261C66697A00517DEE /* ViewController.swift */; };
		8E473B2A1C66697A00517DEE /* Main.storyboard in Resources */ = {isa = PBXBuildFile; fileRef = 8E473B281C66697A00517DEE /* Main.storyboard */; };
		8E473B2C1C66697A00517DEE /* Assets.xcassets in Resources */ = {isa = PBXBuildFile; fileRef = 8E473B2B1C66697A00517DEE /* Assets.xcassets */; };
		8E473B2F1C66697A00517DEE /* LaunchScreen.storyboard in Resources */ = {isa = PBXBuildFile; fileRef = 8E473B2D1C66697A00517DEE /* LaunchScreen.storyboard */; };
		8E473B371C715D4700517DEE /* CalendarFunc.swift in Sources */ = {isa = PBXBuildFile; fileRef = 8E473B361C715D4600517DEE /* CalendarFunc.swift */; };
		8E737D061C77BBDD00EB18AD /* CalcAlarm.swift in Sources */ = {isa = PBXBuildFile; fileRef = 8E737D051C77BBDD00EB18AD /* CalcAlarm.swift */; };
/* End PBXBuildFile section */

/* Begin PBXFileReference section */
		8E473B211C66697A00517DEE /* Calendar.app */ = {isa = PBXFileReference; explicitFileType = wrapper.application; includeInIndex = 0; path = Calendar.app; sourceTree = BUILT_PRODUCTS_DIR; };
		8E473B241C66697A00517DEE /* AppDelegate.swift */ = {isa = PBXFileReference; lastKnownFileType = sourcecode.swift; path = AppDelegate.swift; sourceTree = "<group>"; };
		8E473B261C66697A00517DEE /* ViewController.swift */ = {isa = PBXFileReference; lastKnownFileType = sourcecode.swift; path = ViewController.swift; sourceTree = "<group>"; };
		8E473B291C66697A00517DEE /* Base */ = {isa = PBXFileReference; lastKnownFileType = file.storyboard; name = Base; path = Base.lproj/Main.storyboard; sourceTree = "<group>"; };
		8E473B2B1C66697A00517DEE /* Assets.xcassets */ = {isa = PBXFileReference; lastKnownFileType = folder.assetcatalog; path = Assets.xcassets; sourceTree = "<group>"; };
		8E473B2E1C66697A00517DEE /* Base */ = {isa = PBXFileReference; lastKnownFileType = file.storyboard; name = Base; path = Base.lproj/LaunchScreen.storyboard; sourceTree = "<group>"; };
		8E473B301C66697A00517DEE /* Info.plist */ = {isa = PBXFileReference; lastKnownFileType = text.plist.xml; path = Info.plist; sourceTree = "<group>"; };
		8E473B361C715D4600517DEE /* CalendarFunc.swift */ = {isa = PBXFileReference; fileEncoding = 4; lastKnownFileType = sourcecode.swift; path = CalendarFunc.swift; sourceTree = "<group>"; };
		8E737D051C77BBDD00EB18AD /* CalcAlarm.swift */ = {isa = PBXFileReference; fileEncoding = 4; lastKnownFileType = sourcecode.swift; path = CalcAlarm.swift; sourceTree = "<group>"; };
/* End PBXFileReference section */

/* Begin PBXFrameworksBuildPhase section */
		8E473B1E1C66697A00517DEE /* Frameworks */ = {
			isa = PBXFrameworksBuildPhase;
			buildActionMask = 2147483647;
			files = (
			);
			runOnlyForDeploymentPostprocessing = 0;
		};
/* End PBXFrameworksBuildPhase section */

/* Begin PBXGroup section */
		8E473B181C66697A00517DEE = {
			isa = PBXGroup;
			children = (
				8E473B231C66697A00517DEE /* Calendar */,
				8E473B221C66697A00517DEE /* Products */,
			);
			sourceTree = "<group>";
		};
		8E473B221C66697A00517DEE /* Products */ = {
			isa = PBXGroup;
			children = (
				8E473B211C66697A00517DEE /* Calendar.app */,
			);
			name = Products;
			sourceTree = "<group>";
		};
		8E473B231C66697A00517DEE /* Calendar */ = {
			isa = PBXGroup;
			children = (
				8E473B241C66697A00517DEE /* AppDelegate.swift */,
				8E473B261C66697A00517DEE /* ViewController.swift */,
				8E473B281C66697A00517DEE /* Main.storyboard */,
				8E473B2B1C66697A00517DEE /* Assets.xcassets */,
				8E473B2D1C66697A00517DEE /* LaunchScreen.storyboard */,
				8E473B301C66697A00517DEE /* Info.plist */,
				8E473B361C715D4600517DEE /* CalendarFunc.swift */,
				8E737D051C77BBDD00EB18AD /* CalcAlarm.swift */,
			);
			path = Calendar;
			sourceTree = "<group>";
		};
/* End PBXGroup section */

/* Begin PBXNativeTarget section */
		8E473B201C66697A00517DEE /* Calendar */ = {
			isa = PBXNativeTarget;
			buildConfigurationList = 8E473B331C66697A00517DEE /* Build configuration list for PBXNativeTarget "Calendar" */;
			buildPhases = (
				8E473B1D1C66697A00517DEE /* Sources */,
				8E473B1E1C66697A00517DEE /* Frameworks */,
				8E473B1F1C66697A00517DEE /* Resources */,
			);
			buildRules = (
			);
			dependencies = (
			);
			name = Calendar;
			productName = Calendar;
			productReference = 8E473B211C66697A00517DEE /* Calendar.app */;
			productType = "com.apple.product-type.application";
		};
/* End PBXNativeTarget section */

/* Begin PBXProject section */
		8E473B191C66697A00517DEE /* Project object */ = {
			isa = PBXProject;
			attributes = {
				LastSwiftUpdateCheck = 0720;
				LastUpgradeCheck = 0720;
				ORGANIZATIONNAME = "It's too early";
				TargetAttributes = {
					8E473B201C66697A00517DEE = {
						CreatedOnToolsVersion = 7.2.1;
						DevelopmentTeam = E3KEUXT757;
						SystemCapabilities = {
							com.apple.BackgroundModes = {
								enabled = 1;
							};
						};
					};
				};
			};
			buildConfigurationList = 8E473B1C1C66697A00517DEE /* Build configuration list for PBXProject "Calendar" */;
			compatibilityVersion = "Xcode 3.2";
			developmentRegion = English;
			hasScannedForEncodings = 0;
			knownRegions = (
				en,
				Base,
			);
			mainGroup = 8E473B181C66697A00517DEE;
			productRefGroup = 8E473B221C66697A00517DEE /* Products */;
			projectDirPath = "";
			projectRoot = "";
			targets = (
				8E473B201C66697A00517DEE /* Calendar */,
			);
		};
/* End PBXProject section */

/* Begin PBXResourcesBuildPhase section */
		8E473B1F1C66697A00517DEE /* Resources */ = {
			isa = PBXResourcesBuildPhase;
			buildActionMask = 2147483647;
			files = (
				8E473B2F1C66697A00517DEE /* LaunchScreen.storyboard in Resources */,
				8E473B2C1C66697A00517DEE /* Assets.xcassets in Resources */,
				8E473B2A1C66697A00517DEE /* Main.storyboard in Resources */,
			);
			runOnlyForDeploymentPostprocessing = 0;
		};
/* End PBXResourcesBuildPhase section */

/* Begin PBXSourcesBuildPhase section */
		8E473B1D1C66697A00517DEE /* Sources */ = {
			isa = PBXSourcesBuildPhase;
			buildActionMask = 2147483647;
			files = (
				8E473B271C66697A00517DEE /* ViewController.swift in Sources */,
				8E473B251C66697A00517DEE /* AppDelegate.swift in Sources */,
				8E737D061C77BBDD00EB18AD /* CalcAlarm.swift in Sources */,
				8E473B371C715D4700517DEE /* CalendarFunc.swift in Sources */,
			);
			runOnlyForDeploymentPostprocessing = 0;
		};
/* End PBXSourcesBuildPhase section */

/* Begin PBXVariantGroup section */
		8E473B281C66697A00517DEE /* Main.storyboard */ = {
			isa = PBXVariantGroup;
			children = (
				8E473B291C66697A00517DEE /* Base */,
			);
			name = Main.storyboard;
			sourceTree = "<group>";
		};
		8E473B2D1C66697A00517DEE /* LaunchScreen.storyboard */ = {
			isa = PBXVariantGroup;
			children = (
				8E473B2E1C66697A00517DEE /* Base */,
			);
			name = LaunchScreen.storyboard;
			sourceTree = "<group>";
		};
/* End PBXVariantGroup section */

/* Begin XCBuildConfiguration section */
		8E473B311C66697A00517DEE /* Debug */ = {
			isa = XCBuildConfiguration;
			buildSettings = {
				ALWAYS_SEARCH_USER_PATHS = NO;
				CLANG_CXX_LANGUAGE_STANDARD = "gnu++0x";
				CLANG_CXX_LIBRARY = "libc++";
				CLANG_ENABLE_MODULES = YES;
				CLANG_ENABLE_OBJC_ARC = YES;
				CLANG_WARN_BOOL_CONVERSION = YES;
				CLANG_WARN_CONSTANT_CONVERSION = YES;
				CLANG_WARN_DIRECT_OBJC_ISA_USAGE = YES_ERROR;
				CLANG_WARN_EMPTY_BODY = YES;
				CLANG_WARN_ENUM_CONVERSION = YES;
				CLANG_WARN_INT_CONVERSION = YES;
				CLANG_WARN_OBJC_ROOT_CLASS = YES_ERROR;
				CLANG_WARN_UNREACHABLE_CODE = YES;
				CLANG_WARN__DUPLICATE_METHOD_MATCH = YES;
				"CODE_SIGN_IDENTITY[sdk=iphoneos*]" = "iPhone Developer";
				COPY_PHASE_STRIP = NO;
				DEBUG_INFORMATION_FORMAT = dwarf;
				ENABLE_STRICT_OBJC_MSGSEND = YES;
				ENABLE_TESTABILITY = YES;
				GCC_C_LANGUAGE_STANDARD = gnu99;
				GCC_DYNAMIC_NO_PIC = NO;
				GCC_NO_COMMON_BLOCKS = YES;
				GCC_OPTIMIZATION_LEVEL = 0;
				GCC_PREPROCESSOR_DEFINITIONS = (
					"DEBUG=1",
					"$(inherited)",
				);
				GCC_WARN_64_TO_32_BIT_CONVERSION = YES;
				GCC_WARN_ABOUT_RETURN_TYPE = YES_ERROR;
				GCC_WARN_UNDECLARED_SELECTOR = YES;
				GCC_WARN_UNINITIALIZED_AUTOS = YES_AGGRESSIVE;
				GCC_WARN_UNUSED_FUNCTION = YES;
				GCC_WARN_UNUSED_VARIABLE = YES;
				IPHONEOS_DEPLOYMENT_TARGET = 9.2;
				MTL_ENABLE_DEBUG_INFO = YES;
				ONLY_ACTIVE_ARCH = YES;
				SDKROOT = iphoneos;
				SWIFT_OPTIMIZATION_LEVEL = "-Onone";
			};
			name = Debug;
		};
		8E473B321C66697A00517DEE /* Release */ = {
			isa = XCBuildConfiguration;
			buildSettings = {
				ALWAYS_SEARCH_USER_PATHS = NO;
				CLANG_CXX_LANGUAGE_STANDARD = "gnu++0x";
				CLANG_CXX_LIBRARY = "libc++";
				CLANG_ENABLE_MODULES = YES;
				CLANG_ENABLE_OBJC_ARC = YES;
				CLANG_WARN_BOOL_CONVERSION = YES;
				CLANG_WARN_CONSTANT_CONVERSION = YES;
				CLANG_WARN_DIRECT_OBJC_ISA_USAGE = YES_ERROR;
				CLANG_WARN_EMPTY_BODY = YES;
				CLANG_WARN_ENUM_CONVERSION = YES;
				CLANG_WARN_INT_CONVERSION = YES;
				CLANG_WARN_OBJC_ROOT_CLASS = YES_ERROR;
				CLANG_WARN_UNREACHABLE_CODE = YES;
				CLANG_WARN__DUPLICATE_METHOD_MATCH = YES;
				"CODE_SIGN_IDENTITY[sdk=iphoneos*]" = "iPhone Developer";
				COPY_PHASE_STRIP = NO;
				DEBUG_INFORMATION_FORMAT = "dwarf-with-dsym";
				ENABLE_NS_ASSERTIONS = NO;
				ENABLE_STRICT_OBJC_MSGSEND = YES;
				GCC_C_LANGUAGE_STANDARD = gnu99;
				GCC_NO_COMMON_BLOCKS = YES;
				GCC_WARN_64_TO_32_BIT_CONVERSION = YES;
				GCC_WARN_ABOUT_RETURN_TYPE = YES_ERROR;
				GCC_WARN_UNDECLARED_SELECTOR = YES;
				GCC_WARN_UNINITIALIZED_AUTOS = YES_AGGRESSIVE;
				GCC_WARN_UNUSED_FUNCTION = YES;
				GCC_WARN_UNUSED_VARIABLE = YES;
				IPHONEOS_DEPLOYMENT_TARGET = 9.2;
				MTL_ENABLE_DEBUG_INFO = NO;
				SDKROOT = iphoneos;
				VALIDATE_PRODUCT = YES;
			};
			name = Release;
		};
		8E473B341C66697A00517DEE /* Debug */ = {
			isa = XCBuildConfiguration;
			buildSettings = {
				ASSETCATALOG_COMPILER_APPICON_NAME = AppIcon;
				INFOPLIST_FILE = Calendar/Info.plist;
				LD_RUNPATH_SEARCH_PATHS = "$(inherited) @executable_path/Frameworks";
				PRODUCT_BUNDLE_IDENTIFIER = Hyewook.Calendar;
				PRODUCT_NAME = "$(TARGET_NAME)";
			};
			name = Debug;
		};
		8E473B351C66697A00517DEE /* Release */ = {
			isa = XCBuildConfiguration;
			buildSettings = {
				ASSETCATALOG_COMPILER_APPICON_NAME = AppIcon;
				INFOPLIST_FILE = Calendar/Info.plist;
				LD_RUNPATH_SEARCH_PATHS = "$(inherited) @executable_path/Frameworks";
				PRODUCT_BUNDLE_IDENTIFIER = Hyewook.Calendar;
				PRODUCT_NAME = "$(TARGET_NAME)";
			};
			name = Release;
		};
/* End XCBuildConfiguration section */

/* Begin XCConfigurationList section */
		8E473B1C1C66697A00517DEE /* Build configuration list for PBXProject "Calendar" */ = {
			isa = XCConfigurationList;
			buildConfigurations = (
				8E473B311C66697A00517DEE /* Debug */,
				8E473B321C66697A00517DEE /* Release */,
			);
			defaultConfigurationIsVisible = 0;
			defaultConfigurationName = Release;
		};
		8E473B331C66697A00517DEE /* Build configuration list for PBXNativeTarget "Calendar" */ = {
			isa = XCConfigurationList;
			buildConfigurations = (
				8E473B341C66697A00517DEE /* Debug */,
				8E473B351C66697A00517DEE /* Release */,
			);
			defaultConfigurationIsVisible = 0;
			defaultConfigurationName = Release;
		};
/* End XCConfigurationList section */
	};
	rootObject = 8E473B191C66697A00517DEE /* Project object */;
}
